{
  "name": "swan-love.github.io",
  "version": "3.0.0",
  "lockfileVersion": 3,
  "requires": true,
  "packages": {
    "": {
      "name": "swan-love.github.io",
      "version": "3.0.0",
      "license": "UNLICENSED",
      "devDependencies": {
        "kiss-ssg": "file:../../kiss-ssg"
      }
    },
    "../../kiss-ssg": {
      "version": "2.4.0",
      "dev": true,
      "license": "Apache-2.0",
      "dependencies": {
        "chokidar": "^5.0.0",
        "colors": "^1.4.0",
        "connect": "^3.7.0",
        "fs-extra": "^11.4.0",
        "glob": "^13.0.6",
        "handlebars": "^4.7.7",
        "handlebars-layouts": "^3.1.4",
        "html-minifier-terser": "^7.2.0",
        "livereload": "^0.10.3",
        "remarkable": "^2.0.1",
        "sass": "^1.104.0",
        "serve-static": "^2.2.1"
      },
      "bin": {
        "kiss-ssg": "bin/kiss-ssg.js"
      },
      "devDependencies": {
        "@eslint/js": "^10.0.1",
        "@types/node": "^22.20.1",
        "@vitest/coverage-v8": "^5.0.0",
        "eslint": "^10.10.0",
        "eslint-config-prettier": "^10.1.8",
        "globals": "^17.12.0",
        "prettier": "^3.9.6",
        "typescript": "^5.9.3",
        "vitest": "^5.0.0"
      },
      "engines": {
        "node": ">=22.12.0"
      }
    },
    "node_modules/kiss-ssg": {
      "resolved": "../../kiss-ssg",
      "link": true
    }
  }
}
